
Microsoft Visual Studio Solution File, Format Version 12.00
# Visual Studio 15
VisualStudioVersion = 15.0.28307.271
MinimumVisualStudioVersion = 10.0.40219.1
Project("{FAE04EC0-301F-11D3-BF4B-00C04F79EFBC}") = "FactorialCalculator", "FactorialCalculator\FactorialCalculator.csproj", "{CFCD2CBE-8751-4632-AE64-7EA23C5D7A2F}"
EndProject
Global
	GlobalSection(SolutionConfigurationPlatforms) = preSolution
		Debug|Any CPU = Debug|Any CPU
		Release|Any CPU = Release|Any CPU
	EndGlobalSection
	GlobalSection(ProjectConfigurationPlatforms) = postSolution
		{CFCD2CBE-8751-4632-AE64-7EA23C5D7A2F}.Debug|Any CPU.ActiveCfg = Debug|Any CPU
		{CFCD2CBE-8751-4632-AE64-7EA23C5D7A2F}.Debug|Any CPU.Build.0 = Debug|Any CPU
		{CFCD2CBE-8751-4632-AE64-7EA23C5D7A2F}.Release|Any CPU.ActiveCfg = Release|Any CPU
		{CFCD2CBE-8751-4632-AE64-7EA23C5D7A2F}.Release|Any CPU.Build.0 = Release|Any CPU
	EndGlobalSection
	GlobalSection(SolutionProperties) = preSolution
		HideSolutionNode = FALSE
	EndGlobalSection
	GlobalSection(ExtensibilityGlobals) = postSolution
		SolutionGuid = {C2F12F65-E8B3-4C07-85EC-D3F857ECC187}
	EndGlobalSection
EndGlobal
